
Microsoft Visual Studio Solution File, Format Version 12.00
# Visual Studio Version 16
VisualStudioVersion = 16.0.30804.86
MinimumVisualStudioVersion = 10.0.40219.1
Project("{9A19103F-16F7-4668-BE54-9A1E7A4F7556}") = "Assembler", "Assembler\Assembler.csproj", "{108C2587-EA9A-4D7D-8ADB-D05E042FA0F6}"
EndProject
Project("{9A19103F-16F7-4668-BE54-9A1E7A4F7556}") = "Emulator", "Emulator\Emulator.csproj", "{824EA7CF-1F86-4060-A872-B74B17A1DE50}"
EndProject
Project("{FAE04EC0-301F-11D3-BF4B-00C04F79EFBC}") = "AssemblerTests", "AssemblerTests\AssemblerTests.csproj", "{0E96F9F1-3201-4BE8-991E-C4D49A281982}"
EndProject
Project("{FAE04EC0-301F-11D3-BF4B-00C04F79EFBC}") = "Shared", "Shared\Shared.csproj", "{A54F3F6E-F232-4442-8B16-159483C168B7}"
EndProject
Project("{FAE04EC0-301F-11D3-BF4B-00C04F79EFBC}") = "EmulatorTests", "EmulatorTests\EmulatorTests.csproj", "{12B0275B-74B9-469A-BA99-FDB32F2A7AFB}"
EndProject
Project("{FAE04EC0-301F-11D3-BF4B-00C04F79EFBC}") = "SharedTests", "SharedTests\SharedTests.csproj", "{A83B2EF8-430F-41E2-9ACB-BD4BE2968E66}"
EndProject
Project("{2150E333-8FDC-42A3-9474-1A3956D46DE8}") = "Tests", "Tests", "{1AE4E2B5-9038-4E3B-8668-ED8A5AD50476}"
EndProject
Global
	GlobalSection(SolutionConfigurationPlatforms) = preSolution
		Debug|Any CPU = Debug|Any CPU
		Release|Any CPU = Release|Any CPU
	EndGlobalSection
	GlobalSection(ProjectConfigurationPlatforms) = postSolution
		{108C2587-EA9A-4D7D-8ADB-D05E042FA0F6}.Debug|Any CPU.ActiveCfg = Debug|Any CPU
		{108C2587-EA9A-4D7D-8ADB-D05E042FA0F6}.Debug|Any CPU.Build.0 = Debug|Any CPU
		{108C2587-EA9A-4D7D-8ADB-D05E042FA0F6}.Release|Any CPU.ActiveCfg = Release|Any CPU
		{108C2587-EA9A-4D7D-8ADB-D05E042FA0F6}.Release|Any CPU.Build.0 = Release|Any CPU
		{824EA7CF-1F86-4060-A872-B74B17A1DE50}.Debug|Any CPU.ActiveCfg = Debug|Any CPU
		{824EA7CF-1F86-4060-A872-B74B17A1DE50}.Debug|Any CPU.Build.0 = Debug|Any CPU
		{824EA7CF-1F86-4060-A872-B74B17A1DE50}.Release|Any CPU.ActiveCfg = Release|Any CPU
		{824EA7CF-1F86-4060-A872-B74B17A1DE50}.Release|Any CPU.Build.0 = Release|Any CPU
		{0E96F9F1-3201-4BE8-991E-C4D49A281982}.Debug|Any CPU.ActiveCfg = Debug|Any CPU
		{0E96F9F1-3201-4BE8-991E-C4D49A281982}.Debug|Any CPU.Build.0 = Debug|Any CPU
		{0E96F9F1-3201-4BE8-991E-C4D49A281982}.Release|Any CPU.ActiveCfg = Release|Any CPU
		{0E96F9F1-3201-4BE8-991E-C4D49A281982}.Release|Any CPU.Build.0 = Release|Any CPU
		{A54F3F6E-F232-4442-8B16-159483C168B7}.Debug|Any CPU.ActiveCfg = Debug|Any CPU
		{A54F3F6E-F232-4442-8B16-159483C168B7}.Debug|Any CPU.Build.0 = Debug|Any CPU
		{A54F3F6E-F232-4442-8B16-159483C168B7}.Release|Any CPU.ActiveCfg = Release|Any CPU
		{A54F3F6E-F232-4442-8B16-159483C168B7}.Release|Any CPU.Build.0 = Release|Any CPU
		{12B0275B-74B9-469A-BA99-FDB32F2A7AFB}.Debug|Any CPU.ActiveCfg = Debug|Any CPU
		{12B0275B-74B9-469A-BA99-FDB32F2A7AFB}.Debug|Any CPU.Build.0 = Debug|Any CPU
		{12B0275B-74B9-469A-BA99-FDB32F2A7AFB}.Release|Any CPU.ActiveCfg = Release|Any CPU
		{12B0275B-74B9-469A-BA99-FDB32F2A7AFB}.Release|Any CPU.Build.0 = Release|Any CPU
		{A83B2EF8-430F-41E2-9ACB-BD4BE2968E66}.Debug|Any CPU.ActiveCfg = Debug|Any CPU
		{A83B2EF8-430F-41E2-9ACB-BD4BE2968E66}.Debug|Any CPU.Build.0 = Debug|Any CPU
		{A83B2EF8-430F-41E2-9ACB-BD4BE2968E66}.Release|Any CPU.ActiveCfg = Release|Any CPU
		{A83B2EF8-430F-41E2-9ACB-BD4BE2968E66}.Release|Any CPU.Build.0 = Release|Any CPU
	EndGlobalSection
	GlobalSection(SolutionProperties) = preSolution
		HideSolutionNode = FALSE
	EndGlobalSection
	GlobalSection(NestedProjects) = preSolution
		{0E96F9F1-3201-4BE8-991E-C4D49A281982} = {1AE4E2B5-9038-4E3B-8668-ED8A5AD50476}
		{12B0275B-74B9-469A-BA99-FDB32F2A7AFB} = {1AE4E2B5-9038-4E3B-8668-ED8A5AD50476}
		{A83B2EF8-430F-41E2-9ACB-BD4BE2968E66} = {1AE4E2B5-9038-4E3B-8668-ED8A5AD50476}
	EndGlobalSection
	GlobalSection(ExtensibilityGlobals) = postSolution
		SolutionGuid = {33891B86-F77F-462D-800B-B62A822B0DD7}
	EndGlobalSection
EndGlobal
